// !$*UTF8*$!
{
	archiveVersion = 1;
	classes = {
	};
	objectVersion = 50;
	objects = {

/* Begin PBXBuildFile section */
		701A7B132650C36600F3E4B1 /* PFTemplateHelper.m in Sources */ = {isa = PBXBuildFile; fileRef = 701A7B122650C36600F3E4B1 /* PFTemplateHelper.m */; };
		7096D0D7265003D00063C297 /* AppDelegate.m in Sources */ = {isa = PBXBuildFile; fileRef = 7096D0D6265003D00063C297 /* AppDelegate.m */; };
		7096D0DA265003D00063C297 /* SceneDelegate.m in Sources */ = {isa = PBXBuildFile; fileRef = 7096D0D9265003D00063C297 /* SceneDelegate.m */; };
		7096D0DD265003D00063C297 /* ViewController.m in Sources */ = {isa = PBXBuildFile; fileRef = 7096D0DC265003D00063C297 /* ViewController.m */; };
		7096D0E0265003D00063C297 /* Main.storyboard in Resources */ = {isa = PBXBuildFile; fileRef = 7096D0DE265003D00063C297 /* Main.storyboard */; };
		7096D0E2265003D10063C297 /* Assets.xcassets in Resources */ = {isa = PBXBuildFile; fileRef = 7096D0E1265003D10063C297 /* Assets.xcassets */; };
		7096D0E5265003D10063C297 /* LaunchScreen.storyboard in Resources */ = {isa = PBXBuildFile; fileRef = 7096D0E3265003D10063C297 /* LaunchScreen.storyboard */; };
		7096D0E8265003D10063C297 /* main.m in Sources */ = {isa = PBXBuildFile; fileRef = 7096D0E7265003D10063C297 /* main.m */; };
		70B88845265005F900CB0504 /* MJViewController1.m in Sources */ = {isa = PBXBuildFile; fileRef = 70B88841265005F900CB0504 /* MJViewController1.m */; };
		70B88846265005F900CB0504 /* MJTestModel.m in Sources */ = {isa = PBXBuildFile; fileRef = 70B88843265005F900CB0504 /* MJTestModel.m */; };
		7687DC7C806854D18963FA35 /* Pods_CuiTest.framework in Frameworks */ = {isa = PBXBuildFile; fileRef = 27781EC5E70BA3DEAEF40B85 /* Pods_CuiTest.framework */; };
/* End PBXBuildFile section */

/* Begin PBXFileReference section */
		27781EC5E70BA3DEAEF40B85 /* Pods_CuiTest.framework */ = {isa = PBXFileReference; explicitFileType = wrapper.framework; includeInIndex = 0; path = Pods_CuiTest.framework; sourceTree = BUILT_PRODUCTS_DIR; };
		701A7AFE2650C16A00F3E4B1 /* TestPrefixHeader.pch */ = {isa = PBXFileReference; lastKnownFileType = sourcecode.c.h; path = TestPrefixHeader.pch; sourceTree = "<group>"; };
		701A7B0D2650C2D800F3E4B1 /* BaseConstants.h */ = {isa = PBXFileReference; lastKnownFileType = sourcecode.c.h; path = BaseConstants.h; sourceTree = "<group>"; };
		701A7B112650C36600F3E4B1 /* PFTemplateHelper.h */ = {isa = PBXFileReference; lastKnownFileType = sourcecode.c.h; path = PFTemplateHelper.h; sourceTree = "<group>"; };
		701A7B122650C36600F3E4B1 /* PFTemplateHelper.m */ = {isa = PBXFileReference; lastKnownFileType = sourcecode.c.objc; path = PFTemplateHelper.m; sourceTree = "<group>"; };
		7096D0D2265003D00063C297 /* CuiTest.app */ = {isa = PBXFileReference; explicitFileType = wrapper.application; includeInIndex = 0; path = CuiTest.app; sourceTree = BUILT_PRODUCTS_DIR; };
		7096D0D5265003D00063C297 /* AppDelegate.h */ = {isa = PBXFileReference; lastKnownFileType = sourcecode.c.h; path = AppDelegate.h; sourceTree = "<group>"; };
		7096D0D6265003D00063C297 /* AppDelegate.m */ = {isa = PBXFileReference; lastKnownFileType = sourcecode.c.objc; path = AppDelegate.m; sourceTree = "<group>"; };
		7096D0D8265003D00063C297 /* SceneDelegate.h */ = {isa = PBXFileReference; lastKnownFileType = sourcecode.c.h; path = SceneDelegate.h; sourceTree = "<group>"; };
		7096D0D9265003D00063C297 /* SceneDelegate.m */ = {isa = PBXFileReference; lastKnownFileType = sourcecode.c.objc; path = SceneDelegate.m; sourceTree = "<group>"; };
		7096D0DB265003D00063C297 /* ViewController.h */ = {isa = PBXFileReference; lastKnownFileType = sourcecode.c.h; path = ViewController.h; sourceTree = "<group>"; };
		7096D0DC265003D00063C297 /* ViewController.m */ = {isa = PBXFileReference; lastKnownFileType = sourcecode.c.objc; path = ViewController.m; sourceTree = "<group>"; };
		7096D0DF265003D00063C297 /* Base */ = {isa = PBXFileReference; lastKnownFileType = file.storyboard; name = Base; path = Base.lproj/Main.storyboard; sourceTree = "<group>"; };
		7096D0E1265003D10063C297 /* Assets.xcassets */ = {isa = PBXFileReference; lastKnownFileType = folder.assetcatalog; path = Assets.xcassets; sourceTree = "<group>"; };
		7096D0E4265003D10063C297 /* Base */ = {isa = PBXFileReference; lastKnownFileType = file.storyboard; name = Base; path = Base.lproj/LaunchScreen.storyboard; sourceTree = "<group>"; };
		7096D0E6265003D10063C297 /* Info.plist */ = {isa = PBXFileReference; lastKnownFileType = text.plist.xml; path = Info.plist; sourceTree = "<group>"; };
		7096D0E7265003D10063C297 /* main.m */ = {isa = PBXFileReference; lastKnownFileType = sourcecode.c.objc; path = main.m; sourceTree = "<group>"; };
		70B88840265005F900CB0504 /* MJViewController1.h */ = {isa = PBXFileReference; fileEncoding = 4; lastKnownFileType = sourcecode.c.h; path = MJViewController1.h; sourceTree = "<group>"; };
		70B88841265005F900CB0504 /* MJViewController1.m */ = {isa = PBXFileReference; fileEncoding = 4; lastKnownFileType = sourcecode.c.objc; path = MJViewController1.m; sourceTree = "<group>"; };
		70B88843265005F900CB0504 /* MJTestModel.m */ = {isa = PBXFileReference; fileEncoding = 4; lastKnownFileType = sourcecode.c.objc; path = MJTestModel.m; sourceTree = "<group>"; };
		70B88844265005F900CB0504 /* MJTestModel.h */ = {isa = PBXFileReference; fileEncoding = 4; lastKnownFileType = sourcecode.c.h; path = MJTestModel.h; sourceTree = "<group>"; };
		ABAF076A71CD825BF34C16A9 /* Pods-CuiTest.release.xcconfig */ = {isa = PBXFileReference; includeInIndex = 1; lastKnownFileType = text.xcconfig; name = "Pods-CuiTest.release.xcconfig"; path = "Target Support Files/Pods-CuiTest/Pods-CuiTest.release.xcconfig"; sourceTree = "<group>"; };
		C51F89CF6359A8C3CB4A0CEB /* Pods-CuiTest.debug.xcconfig */ = {isa = PBXFileReference; includeInIndex = 1; lastKnownFileType = text.xcconfig; name = "Pods-CuiTest.debug.xcconfig"; path = "Target Support Files/Pods-CuiTest/Pods-CuiTest.debug.xcconfig"; sourceTree = "<group>"; };
/* End PBXFileReference section */

/* Begin PBXFrameworksBuildPhase section */
		7096D0CF265003D00063C297 /* Frameworks */ = {
			isa = PBXFrameworksBuildPhase;
			buildActionMask = 2147483647;
			files = (
				7687DC7C806854D18963FA35 /* Pods_CuiTest.framework in Frameworks */,
			);
			runOnlyForDeploymentPostprocessing = 0;
		};
/* End PBXFrameworksBuildPhase section */

/* Begin PBXGroup section */
		701A7AF02650BEA400F3E4B1 /* Tools */ = {
			isa = PBXGroup;
			children = (
			);
			name = Tools;
			path = CuiTest/Tools;
			sourceTree = SOURCE_ROOT;
		};
		701A7B042650C27700F3E4B1 /* Global */ = {
			isa = PBXGroup;
			children = (
				701A7B102650C35800F3E4B1 /* Tools */,
				701A7B052650C27700F3E4B1 /* Common */,
			);
			path = Global;
			sourceTree = "<group>";
		};
		701A7B052650C27700F3E4B1 /* Common */ = {
			isa = PBXGroup;
			children = (
				701A7B0D2650C2D800F3E4B1 /* BaseConstants.h */,
			);
			path = Common;
			sourceTree = "<group>";
		};
		701A7B102650C35800F3E4B1 /* Tools */ = {
			isa = PBXGroup;
			children = (
				701A7B112650C36600F3E4B1 /* PFTemplateHelper.h */,
				701A7B122650C36600F3E4B1 /* PFTemplateHelper.m */,
			);
			name = Tools;
			path = CuiTest/Tools;
			sourceTree = SOURCE_ROOT;
		};
		7096D0C9265003D00063C297 = {
			isa = PBXGroup;
			children = (
				7096D0D4265003D00063C297 /* CuiTest */,
				7096D0D3265003D00063C297 /* Products */,
				CD73D754F18174742D44D65E /* Pods */,
				82FF6FF95885B02773542013 /* Frameworks */,
			);
			sourceTree = "<group>";
		};
		7096D0D3265003D00063C297 /* Products */ = {
			isa = PBXGroup;
			children = (
				7096D0D2265003D00063C297 /* CuiTest.app */,
			);
			name = Products;
			sourceTree = "<group>";
		};
		7096D0D4265003D00063C297 /* CuiTest */ = {
			isa = PBXGroup;
			children = (
				7096D0D5265003D00063C297 /* AppDelegate.h */,
				7096D0D6265003D00063C297 /* AppDelegate.m */,
				7096D0DB265003D00063C297 /* ViewController.h */,
				7096D0DC265003D00063C297 /* ViewController.m */,
				701A7B042650C27700F3E4B1 /* Global */,
				70B8883F265005F900CB0504 /* ViewControllers */,
				70B88842265005F900CB0504 /* Model */,
				70B888482650063800CB0504 /* Others */,
				7096D0DE265003D00063C297 /* Main.storyboard */,
				7096D0E1265003D10063C297 /* Assets.xcassets */,
				7096D0E3265003D10063C297 /* LaunchScreen.storyboard */,
				7096D0E6265003D10063C297 /* Info.plist */,
				7096D0E7265003D10063C297 /* main.m */,
				701A7AFE2650C16A00F3E4B1 /* TestPrefixHeader.pch */,
			);
			path = CuiTest;
			sourceTree = "<group>";
		};
		70B8883F265005F900CB0504 /* ViewControllers */ = {
			isa = PBXGroup;
			children = (
				70B88840265005F900CB0504 /* MJViewController1.h */,
				70B88841265005F900CB0504 /* MJViewController1.m */,
			);
			path = ViewControllers;
			sourceTree = "<group>";
		};
		70B88842265005F900CB0504 /* Model */ = {
			isa = PBXGroup;
			children = (
				70B88843265005F900CB0504 /* MJTestModel.m */,
				70B88844265005F900CB0504 /* MJTestModel.h */,
				701A7AF02650BEA400F3E4B1 /* Tools */,
			);
			path = Model;
			sourceTree = "<group>";
		};
		70B888482650063800CB0504 /* Others */ = {
			isa = PBXGroup;
			children = (
				7096D0D8265003D00063C297 /* SceneDelegate.h */,
				7096D0D9265003D00063C297 /* SceneDelegate.m */,
			);
			name = Others;
			path = CuiTest/Others;
			sourceTree = SOURCE_ROOT;
		};
		82FF6FF95885B02773542013 /* Frameworks */ = {
			isa = PBXGroup;
			children = (
				27781EC5E70BA3DEAEF40B85 /* Pods_CuiTest.framework */,
			);
			name = Frameworks;
			sourceTree = "<group>";
		};
		CD73D754F18174742D44D65E /* Pods */ = {
			isa = PBXGroup;
			children = (
				C51F89CF6359A8C3CB4A0CEB /* Pods-CuiTest.debug.xcconfig */,
				ABAF076A71CD825BF34C16A9 /* Pods-CuiTest.release.xcconfig */,
			);
			name = Pods;
			path = Pods;
			sourceTree = "<group>";
		};
/* End PBXGroup section */

/* Begin PBXNativeTarget section */
		7096D0D1265003D00063C297 /* CuiTest */ = {
			isa = PBXNativeTarget;
			buildConfigurationList = 7096D0EB265003D10063C297 /* Build configuration list for PBXNativeTarget "CuiTest" */;
			buildPhases = (
				3DF4E53108F6B7842762A0D3 /* [CP] Check Pods Manifest.lock */,
				7096D0CE265003D00063C297 /* Sources */,
				7096D0CF265003D00063C297 /* Frameworks */,
				7096D0D0265003D00063C297 /* Resources */,
				9880A4F385220816DF59F1EE /* [CP] Embed Pods Frameworks */,
			);
			buildRules = (
			);
			dependencies = (
			);
			name = CuiTest;
			productName = CuiTest;
			productReference = 7096D0D2265003D00063C297 /* CuiTest.app */;
			productType = "com.apple.product-type.application";
		};
/* End PBXNativeTarget section */

/* Begin PBXProject section */
		7096D0CA265003D00063C297 /* Project object */ = {
			isa = PBXProject;
			attributes = {
				LastUpgradeCheck = 1230;
				TargetAttributes = {
					7096D0D1265003D00063C297 = {
						CreatedOnToolsVersion = 12.3;
					};
				};
			};
			buildConfigurationList = 7096D0CD265003D00063C297 /* Build configuration list for PBXProject "CuiTest" */;
			compatibilityVersion = "Xcode 9.3";
			developmentRegion = en;
			hasScannedForEncodings = 0;
			knownRegions = (
				en,
				Base,
			);
			mainGroup = 7096D0C9265003D00063C297;
			productRefGroup = 7096D0D3265003D00063C297 /* Products */;
			projectDirPath = "";
			projectRoot = "";
			targets = (
				7096D0D1265003D00063C297 /* CuiTest */,
			);
		};
/* End PBXProject section */

/* Begin PBXResourcesBuildPhase section */
		7096D0D0265003D00063C297 /* Resources */ = {
			isa = PBXResourcesBuildPhase;
			buildActionMask = 2147483647;
			files = (
				7096D0E5265003D10063C297 /* LaunchScreen.storyboard in Resources */,
				7096D0E2265003D10063C297 /* Assets.xcassets in Resources */,
				7096D0E0265003D00063C297 /* Main.storyboard in Resources */,
			);
			runOnlyForDeploymentPostprocessing = 0;
		};
/* End PBXResourcesBuildPhase section */

/* Begin PBXShellScriptBuildPhase section */
		3DF4E53108F6B7842762A0D3 /* [CP] Check Pods Manifest.lock */ = {
			isa = PBXShellScriptBuildPhase;
			buildActionMask = 2147483647;
			files = (
			);
			inputFileListPaths = (
			);
			inputPaths = (
				"${PODS_PODFILE_DIR_PATH}/Podfile.lock",
				"${PODS_ROOT}/Manifest.lock",
			);
			name = "[CP] Check Pods Manifest.lock";
			outputFileListPaths = (
			);
			outputPaths = (
				"$(DERIVED_FILE_DIR)/Pods-CuiTest-checkManifestLockResult.txt",
			);
			runOnlyForDeploymentPostprocessing = 0;
			shellPath = /bin/sh;
			shellScript = "diff \"${PODS_PODFILE_DIR_PATH}/Podfile.lock\" \"${PODS_ROOT}/Manifest.lock\" > /dev/null\nif [ $? != 0 ] ; then\n    # print error to STDERR\n    echo \"error: The sandbox is not in sync with the Podfile.lock. Run 'pod install' or update your CocoaPods installation.\" >&2\n    exit 1\nfi\n# This output is used by Xcode 'outputs' to avoid re-running this script phase.\necho \"SUCCESS\" > \"${SCRIPT_OUTPUT_FILE_0}\"\n";
			showEnvVarsInLog = 0;
		};
		9880A4F385220816DF59F1EE /* [CP] Embed Pods Frameworks */ = {
			isa = PBXShellScriptBuildPhase;
			buildActionMask = 2147483647;
			files = (
			);
			inputFileListPaths = (
				"${PODS_ROOT}/Target Support Files/Pods-CuiTest/Pods-CuiTest-frameworks-${CONFIGURATION}-input-files.xcfilelist",
			);
			name = "[CP] Embed Pods Frameworks";
			outputFileListPaths = (
				"${PODS_ROOT}/Target Support Files/Pods-CuiTest/Pods-CuiTest-frameworks-${CONFIGURATION}-output-files.xcfilelist",
			);
			runOnlyForDeploymentPostprocessing = 0;
			shellPath = /bin/sh;
			shellScript = "\"${PODS_ROOT}/Target Support Files/Pods-CuiTest/Pods-CuiTest-frameworks.sh\"\n";
			showEnvVarsInLog = 0;
		};
/* End PBXShellScriptBuildPhase section */

/* Begin PBXSourcesBuildPhase section */
		7096D0CE265003D00063C297 /* Sources */ = {
			isa = PBXSourcesBuildPhase;
			buildActionMask = 2147483647;
			files = (
				7096D0DD265003D00063C297 /* ViewController.m in Sources */,
				7096D0D7265003D00063C297 /* AppDelegate.m in Sources */,
				7096D0E8265003D10063C297 /* main.m in Sources */,
				70B88845265005F900CB0504 /* MJViewController1.m in Sources */,
				70B88846265005F900CB0504 /* MJTestModel.m in Sources */,
				7096D0DA265003D00063C297 /* SceneDelegate.m in Sources */,
				701A7B132650C36600F3E4B1 /* PFTemplateHelper.m in Sources */,
			);
			runOnlyForDeploymentPostprocessing = 0;
		};
/* End PBXSourcesBuildPhase section */

/* Begin PBXVariantGroup section */
		7096D0DE265003D00063C297 /* Main.storyboard */ = {
			isa = PBXVariantGroup;
			children = (
				7096D0DF265003D00063C297 /* Base */,
			);
			name = Main.storyboard;
			sourceTree = "<group>";
		};
		7096D0E3265003D10063C297 /* LaunchScreen.storyboard */ = {
			isa = PBXVariantGroup;
			children = (
				7096D0E4265003D10063C297 /* Base */,
			);
			name = LaunchScreen.storyboard;
			sourceTree = "<group>";
		};
/* End PBXVariantGroup section */

/* Begin XCBuildConfiguration section */
		7096D0E9265003D10063C297 /* Debug */ = {
			isa = XCBuildConfiguration;
			buildSettings = {
				ALWAYS_SEARCH_USER_PATHS = NO;
				CLANG_ANALYZER_NONNULL = YES;
				CLANG_ANALYZER_NUMBER_OBJECT_CONVERSION = YES_AGGRESSIVE;
				CLANG_CXX_LANGUAGE_STANDARD = "gnu++14";
				CLANG_CXX_LIBRARY = "libc++";
				CLANG_ENABLE_MODULES = YES;
				CLANG_ENABLE_OBJC_ARC = YES;
				CLANG_ENABLE_OBJC_WEAK = YES;
				CLANG_WARN_BLOCK_CAPTURE_AUTORELEASING = YES;
				CLANG_WARN_BOOL_CONVERSION = YES;
				CLANG_WARN_COMMA = YES;
				CLANG_WARN_CONSTANT_CONVERSION = YES;
				CLANG_WARN_DEPRECATED_OBJC_IMPLEMENTATIONS = YES;
				CLANG_WARN_DIRECT_OBJC_ISA_USAGE = YES_ERROR;
				CLANG_WARN_DOCUMENTATION_COMMENTS = YES;
				CLANG_WARN_EMPTY_BODY = YES;
				CLANG_WARN_ENUM_CONVERSION = YES;
				CLANG_WARN_INFINITE_RECURSION = YES;
				CLANG_WARN_INT_CONVERSION = YES;
				CLANG_WARN_NON_LITERAL_NULL_CONVERSION = YES;
				CLANG_WARN_OBJC_IMPLICIT_RETAIN_SELF = YES;
				CLANG_WARN_OBJC_LITERAL_CONVERSION = YES;
				CLANG_WARN_OBJC_ROOT_CLASS = YES_ERROR;
				CLANG_WARN_QUOTED_INCLUDE_IN_FRAMEWORK_HEADER = YES;
				CLANG_WARN_RANGE_LOOP_ANALYSIS = YES;
				CLANG_WARN_STRICT_PROTOTYPES = YES;
				CLANG_WARN_SUSPICIOUS_MOVE = YES;
				CLANG_WARN_UNGUARDED_AVAILABILITY = YES_AGGRESSIVE;
				CLANG_WARN_UNREACHABLE_CODE = YES;
				CLANG_WARN__DUPLICATE_METHOD_MATCH = YES;
				COPY_PHASE_STRIP = NO;
				DEBUG_INFORMATION_FORMAT = dwarf;
				ENABLE_STRICT_OBJC_MSGSEND = YES;
				ENABLE_TESTABILITY = YES;
				GCC_C_LANGUAGE_STANDARD = gnu11;
				GCC_DYNAMIC_NO_PIC = NO;
				GCC_NO_COMMON_BLOCKS = YES;
				GCC_OPTIMIZATION_LEVEL = 0;
				GCC_PREPROCESSOR_DEFINITIONS = (
					"DEBUG=1",
					"$(inherited)",
				);
				GCC_WARN_64_TO_32_BIT_CONVERSION = YES;
				GCC_WARN_ABOUT_RETURN_TYPE = YES_ERROR;
				GCC_WARN_UNDECLARED_SELECTOR = YES;
				GCC_WARN_UNINITIALIZED_AUTOS = YES_AGGRESSIVE;
				GCC_WARN_UNUSED_FUNCTION = YES;
				GCC_WARN_UNUSED_VARIABLE = YES;
				IPHONEOS_DEPLOYMENT_TARGET = 14.3;
				MTL_ENABLE_DEBUG_INFO = INCLUDE_SOURCE;
				MTL_FAST_MATH = YES;
				ONLY_ACTIVE_ARCH = YES;
				SDKROOT = iphoneos;
			};
			name = Debug;
		};
		7096D0EA265003D10063C297 /* Release */ = {
			isa = XCBuildConfiguration;
			buildSettings = {
				ALWAYS_SEARCH_USER_PATHS = NO;
				CLANG_ANALYZER_NONNULL = YES;
				CLANG_ANALYZER_NUMBER_OBJECT_CONVERSION = YES_AGGRESSIVE;
				CLANG_CXX_LANGUAGE_STANDARD = "gnu++14";
				CLANG_CXX_LIBRARY = "libc++";
				CLANG_ENABLE_MODULES = YES;
				CLANG_ENABLE_OBJC_ARC = YES;
				CLANG_ENABLE_OBJC_WEAK = YES;
				CLANG_WARN_BLOCK_CAPTURE_AUTORELEASING = YES;
				CLANG_WARN_BOOL_CONVERSION = YES;
				CLANG_WARN_COMMA = YES;
				CLANG_WARN_CONSTANT_CONVERSION = YES;
				CLANG_WARN_DEPRECATED_OBJC_IMPLEMENTATIONS = YES;
				CLANG_WARN_DIRECT_OBJC_ISA_USAGE = YES_ERROR;
				CLANG_WARN_DOCUMENTATION_COMMENTS = YES;
				CLANG_WARN_EMPTY_BODY = YES;
				CLANG_WARN_ENUM_CONVERSION = YES;
				CLANG_WARN_INFINITE_RECURSION = YES;
				CLANG_WARN_INT_CONVERSION = YES;
				CLANG_WARN_NON_LITERAL_NULL_CONVERSION = YES;
				CLANG_WARN_OBJC_IMPLICIT_RETAIN_SELF = YES;
				CLANG_WARN_OBJC_LITERAL_CONVERSION = YES;
				CLANG_WARN_OBJC_ROOT_CLASS = YES_ERROR;
				CLANG_WARN_QUOTED_INCLUDE_IN_FRAMEWORK_HEADER = YES;
				CLANG_WARN_RANGE_LOOP_ANALYSIS = YES;
				CLANG_WARN_STRICT_PROTOTYPES = YES;
				CLANG_WARN_SUSPICIOUS_MOVE = YES;
				CLANG_WARN_UNGUARDED_AVAILABILITY = YES_AGGRESSIVE;
				CLANG_WARN_UNREACHABLE_CODE = YES;
				CLANG_WARN__DUPLICATE_METHOD_MATCH = YES;
				COPY_PHASE_STRIP = NO;
				DEBUG_INFORMATION_FORMAT = "dwarf-with-dsym";
				ENABLE_NS_ASSERTIONS = NO;
				ENABLE_STRICT_OBJC_MSGSEND = YES;
				GCC_C_LANGUAGE_STANDARD = gnu11;
				GCC_NO_COMMON_BLOCKS = YES;
				GCC_WARN_64_TO_32_BIT_CONVERSION = YES;
				GCC_WARN_ABOUT_RETURN_TYPE = YES_ERROR;
				GCC_WARN_UNDECLARED_SELECTOR = YES;
				GCC_WARN_UNINITIALIZED_AUTOS = YES_AGGRESSIVE;
				GCC_WARN_UNUSED_FUNCTION = YES;
				GCC_WARN_UNUSED_VARIABLE = YES;
				IPHONEOS_DEPLOYMENT_TARGET = 14.3;
				MTL_ENABLE_DEBUG_INFO = NO;
				MTL_FAST_MATH = YES;
				SDKROOT = iphoneos;
				VALIDATE_PRODUCT = YES;
			};
			name = Release;
		};
		7096D0EC265003D10063C297 /* Debug */ = {
			isa = XCBuildConfiguration;
			baseConfigurationReference = C51F89CF6359A8C3CB4A0CEB /* Pods-CuiTest.debug.xcconfig */;
			buildSettings = {
				ASSETCATALOG_COMPILER_APPICON_NAME = AppIcon;
				ASSETCATALOG_COMPILER_GLOBAL_ACCENT_COLOR_NAME = AccentColor;
				CODE_SIGN_STYLE = Automatic;
				DEVELOPMENT_TEAM = YR55ASR2CN;
				GCC_PRECOMPILE_PREFIX_HEADER = YES;
				GCC_PREFIX_HEADER = /Users/cuilinhao/Desktop/MJTEST/CuiTest/CuiTest/TestPrefixHeader.pch;
				INFOPLIST_FILE = CuiTest/Info.plist;
				LD_RUNPATH_SEARCH_PATHS = (
					"$(inherited)",
					"@executable_path/Frameworks",
				);
				PRODUCT_BUNDLE_IDENTIFIER = cuilinhao.com.cn.CuiTest;
				PRODUCT_NAME = "$(TARGET_NAME)";
				TARGETED_DEVICE_FAMILY = "1,2";
			};
			name = Debug;
		};
		7096D0ED265003D10063C297 /* Release */ = {
			isa = XCBuildConfiguration;
			baseConfigurationReference = ABAF076A71CD825BF34C16A9 /* Pods-CuiTest.release.xcconfig */;
			buildSettings = {
				ASSETCATALOG_COMPILER_APPICON_NAME = AppIcon;
				ASSETCATALOG_COMPILER_GLOBAL_ACCENT_COLOR_NAME = AccentColor;
				CODE_SIGN_STYLE = Automatic;
				DEVELOPMENT_TEAM = YR55ASR2CN;
				GCC_PRECOMPILE_PREFIX_HEADER = YES;
				GCC_PREFIX_HEADER = /Users/cuilinhao/Desktop/MJTEST/CuiTest/CuiTest/TestPrefixHeader.pch;
				INFOPLIST_FILE = CuiTest/Info.plist;
				LD_RUNPATH_SEARCH_PATHS = (
					"$(inherited)",
					"@executable_path/Frameworks",
				);
				PRODUCT_BUNDLE_IDENTIFIER = cuilinhao.com.cn.CuiTest;
				PRODUCT_NAME = "$(TARGET_NAME)";
				TARGETED_DEVICE_FAMILY = "1,2";
			};
			name = Release;
		};
/* End XCBuildConfiguration section */

/* Begin XCConfigurationList section */
		7096D0CD265003D00063C297 /* Build configuration list for PBXProject "CuiTest" */ = {
			isa = XCConfigurationList;
			buildConfigurations = (
				7096D0E9265003D10063C297 /* Debug */,
				7096D0EA265003D10063C297 /* Release */,
			);
			defaultConfigurationIsVisible = 0;
			defaultConfigurationName = Release;
		};
		7096D0EB265003D10063C297 /* Build configuration list for PBXNativeTarget "CuiTest" */ = {
			isa = XCConfigurationList;
			buildConfigurations = (
				7096D0EC265003D10063C297 /* Debug */,
				7096D0ED265003D10063C297 /* Release */,
			);
			defaultConfigurationIsVisible = 0;
			defaultConfigurationName = Release;
		};
/* End XCConfigurationList section */
	};
	rootObject = 7096D0CA265003D00063C297 /* Project object */;
}
